
Microsoft Visual Studio Solution File, Format Version 12.00
# Visual Studio Version 17
VisualStudioVersion = 17.3.32519.111
MinimumVisualStudioVersion = 10.0.40219.1
Project("{9A19103F-16F7-4668-BE54-9A1E7A4F7556}") = "BB.Application", "BB.Application\BB.Application.csproj", "{AB699EE9-43A8-46F2-A855-04A26DE63372}"
EndProject
Project("{9A19103F-16F7-4668-BE54-9A1E7A4F7556}") = "BB.Web.Core", "BB.Web.Core\BB.Web.Core.csproj", "{9D14BB78-DA2A-4040-B9DB-5A515B599181}"
EndProject
Project("{9A19103F-16F7-4668-BE54-9A1E7A4F7556}") = "BB.Core", "BB.Core\BB.Core.csproj", "{4FB30091-15C7-4FD9-AB7D-266814F360F5}"
EndProject
Project("{9A19103F-16F7-4668-BE54-9A1E7A4F7556}") = "BB.Web.Entry", "BB.Web.Entry\BB.Web.Entry.csproj", "{C8D99F52-EDC7-411F-8300-6DB14BF59E8C}"
EndProject
Project("{FAE04EC0-301F-11D3-BF4B-00C04F79EFBC}") = "BB.Tools", "BB.Tools\BB.Tools.csproj", "{DB8A89E8-1DF0-4ED6-945C-987243B631E6}"
EndProject
Project("{FAE04EC0-301F-11D3-BF4B-00C04F79EFBC}") = "BB.Entity", "BB.Entity\BB.Entity.csproj", "{058C2064-CE38-4750-B9A3-1375FD02C9D1}"
EndProject
Project("{FAE04EC0-301F-11D3-BF4B-00C04F79EFBC}") = "BB.BaseUI", "BB.BaseUI\BB.BaseUI.csproj", "{1F07BEC9-BAEB-49A0-A7EA-C4478574F3CC}"
EndProject
Project("{FAE04EC0-301F-11D3-BF4B-00C04F79EFBC}") = "BB.Starter", "BB.Starter\BB.Starter.csproj", "{1F22FBBD-C46B-4EF2-A443-5015AF7E7447}"
EndProject
Project("{2150E333-8FDC-42A3-9474-1A3956D46DE8}") = "UserInterface", "UserInterface", "{B8CDD141-0BA2-494C-AA97-A0A71F9D586C}"
EndProject
Project("{FAE04EC0-301F-11D3-BF4B-00C04F79EFBC}") = "BB.Updater", "BB.Updater\BB.Updater.csproj", "{A88AFE03-C77F-4122-B9D5-53F07CCD44F4}"
EndProject
Project("{FAE04EC0-301F-11D3-BF4B-00C04F79EFBC}") = "BB.EntityVerification", "BB.EntityVerification\BB.EntityVerification.csproj", "{14ED0DF2-02A3-44E0-96E6-4C7A9993FBA5}"
EndProject
Project("{FAE04EC0-301F-11D3-BF4B-00C04F79EFBC}") = "BB.HttpServices", "BB.HttpServices\BB.HttpServices.csproj", "{E2192ABA-652C-4718-BE73-288B1B23C2DA}"
EndProject
Project("{FAE04EC0-301F-11D3-BF4B-00C04F79EFBC}") = "BB.Security", "BB.Security\BB.Security.csproj", "{AC62BFC8-FA91-4F83-8A7F-7054FA802FBC}"
EndProject
Project("{FAE04EC0-301F-11D3-BF4B-00C04F79EFBC}") = "BB.TMS", "BB.TMS\BB.TMS.csproj", "{745C1AE6-EA2A-469A-99A1-AEFAF999356F}"
EndProject
Global
	GlobalSection(SolutionConfigurationPlatforms) = preSolution
		Debug|Any CPU = Debug|Any CPU
		Release|Any CPU = Release|Any CPU
	EndGlobalSection
	GlobalSection(ProjectConfigurationPlatforms) = postSolution
		{AB699EE9-43A8-46F2-A855-04A26DE63372}.Debug|Any CPU.ActiveCfg = Debug|Any CPU
		{AB699EE9-43A8-46F2-A855-04A26DE63372}.Debug|Any CPU.Build.0 = Debug|Any CPU
		{AB699EE9-43A8-46F2-A855-04A26DE63372}.Release|Any CPU.ActiveCfg = Release|Any CPU
		{AB699EE9-43A8-46F2-A855-04A26DE63372}.Release|Any CPU.Build.0 = Release|Any CPU
		{9D14BB78-DA2A-4040-B9DB-5A515B599181}.Debug|Any CPU.ActiveCfg = Debug|Any CPU
		{9D14BB78-DA2A-4040-B9DB-5A515B599181}.Debug|Any CPU.Build.0 = Debug|Any CPU
		{9D14BB78-DA2A-4040-B9DB-5A515B599181}.Release|Any CPU.ActiveCfg = Release|Any CPU
		{9D14BB78-DA2A-4040-B9DB-5A515B599181}.Release|Any CPU.Build.0 = Release|Any CPU
		{4FB30091-15C7-4FD9-AB7D-266814F360F5}.Debug|Any CPU.ActiveCfg = Debug|Any CPU
		{4FB30091-15C7-4FD9-AB7D-266814F360F5}.Debug|Any CPU.Build.0 = Debug|Any CPU
		{4FB30091-15C7-4FD9-AB7D-266814F360F5}.Release|Any CPU.ActiveCfg = Release|Any CPU
		{4FB30091-15C7-4FD9-AB7D-266814F360F5}.Release|Any CPU.Build.0 = Release|Any CPU
		{C8D99F52-EDC7-411F-8300-6DB14BF59E8C}.Debug|Any CPU.ActiveCfg = Debug|Any CPU
		{C8D99F52-EDC7-411F-8300-6DB14BF59E8C}.Debug|Any CPU.Build.0 = Debug|Any CPU
		{C8D99F52-EDC7-411F-8300-6DB14BF59E8C}.Release|Any CPU.ActiveCfg = Release|Any CPU
		{C8D99F52-EDC7-411F-8300-6DB14BF59E8C}.Release|Any CPU.Build.0 = Release|Any CPU
		{DB8A89E8-1DF0-4ED6-945C-987243B631E6}.Debug|Any CPU.ActiveCfg = Debug|Any CPU
		{DB8A89E8-1DF0-4ED6-945C-987243B631E6}.Debug|Any CPU.Build.0 = Debug|Any CPU
		{DB8A89E8-1DF0-4ED6-945C-987243B631E6}.Release|Any CPU.ActiveCfg = Release|Any CPU
		{DB8A89E8-1DF0-4ED6-945C-987243B631E6}.Release|Any CPU.Build.0 = Release|Any CPU
		{058C2064-CE38-4750-B9A3-1375FD02C9D1}.Debug|Any CPU.ActiveCfg = Debug|Any CPU
		{058C2064-CE38-4750-B9A3-1375FD02C9D1}.Debug|Any CPU.Build.0 = Debug|Any CPU
		{058C2064-CE38-4750-B9A3-1375FD02C9D1}.Release|Any CPU.ActiveCfg = Release|Any CPU
		{058C2064-CE38-4750-B9A3-1375FD02C9D1}.Release|Any CPU.Build.0 = Release|Any CPU
		{1F07BEC9-BAEB-49A0-A7EA-C4478574F3CC}.Debug|Any CPU.ActiveCfg = Debug|Any CPU
		{1F07BEC9-BAEB-49A0-A7EA-C4478574F3CC}.Debug|Any CPU.Build.0 = Debug|Any CPU
		{1F07BEC9-BAEB-49A0-A7EA-C4478574F3CC}.Release|Any CPU.ActiveCfg = Release|Any CPU
		{1F07BEC9-BAEB-49A0-A7EA-C4478574F3CC}.Release|Any CPU.Build.0 = Release|Any CPU
		{1F22FBBD-C46B-4EF2-A443-5015AF7E7447}.Debug|Any CPU.ActiveCfg = Debug|Any CPU
		{1F22FBBD-C46B-4EF2-A443-5015AF7E7447}.Debug|Any CPU.Build.0 = Debug|Any CPU
		{1F22FBBD-C46B-4EF2-A443-5015AF7E7447}.Release|Any CPU.ActiveCfg = Release|Any CPU
		{1F22FBBD-C46B-4EF2-A443-5015AF7E7447}.Release|Any CPU.Build.0 = Release|Any CPU
		{A88AFE03-C77F-4122-B9D5-53F07CCD44F4}.Debug|Any CPU.ActiveCfg = Debug|Any CPU
		{A88AFE03-C77F-4122-B9D5-53F07CCD44F4}.Debug|Any CPU.Build.0 = Debug|Any CPU
		{A88AFE03-C77F-4122-B9D5-53F07CCD44F4}.Release|Any CPU.ActiveCfg = Release|Any CPU
		{A88AFE03-C77F-4122-B9D5-53F07CCD44F4}.Release|Any CPU.Build.0 = Release|Any CPU
		{14ED0DF2-02A3-44E0-96E6-4C7A9993FBA5}.Debug|Any CPU.ActiveCfg = Debug|Any CPU
		{14ED0DF2-02A3-44E0-96E6-4C7A9993FBA5}.Debug|Any CPU.Build.0 = Debug|Any CPU
		{14ED0DF2-02A3-44E0-96E6-4C7A9993FBA5}.Release|Any CPU.ActiveCfg = Release|Any CPU
		{14ED0DF2-02A3-44E0-96E6-4C7A9993FBA5}.Release|Any CPU.Build.0 = Release|Any CPU
		{E2192ABA-652C-4718-BE73-288B1B23C2DA}.Debug|Any CPU.ActiveCfg = Debug|Any CPU
		{E2192ABA-652C-4718-BE73-288B1B23C2DA}.Debug|Any CPU.Build.0 = Debug|Any CPU
		{E2192ABA-652C-4718-BE73-288B1B23C2DA}.Release|Any CPU.ActiveCfg = Release|Any CPU
		{E2192ABA-652C-4718-BE73-288B1B23C2DA}.Release|Any CPU.Build.0 = Release|Any CPU
		{AC62BFC8-FA91-4F83-8A7F-7054FA802FBC}.Debug|Any CPU.ActiveCfg = Debug|Any CPU
		{AC62BFC8-FA91-4F83-8A7F-7054FA802FBC}.Debug|Any CPU.Build.0 = Debug|Any CPU
		{AC62BFC8-FA91-4F83-8A7F-7054FA802FBC}.Release|Any CPU.ActiveCfg = Release|Any CPU
		{AC62BFC8-FA91-4F83-8A7F-7054FA802FBC}.Release|Any CPU.Build.0 = Release|Any CPU
		{745C1AE6-EA2A-469A-99A1-AEFAF999356F}.Debug|Any CPU.ActiveCfg = Debug|Any CPU
		{745C1AE6-EA2A-469A-99A1-AEFAF999356F}.Debug|Any CPU.Build.0 = Debug|Any CPU
		{745C1AE6-EA2A-469A-99A1-AEFAF999356F}.Release|Any CPU.ActiveCfg = Release|Any CPU
		{745C1AE6-EA2A-469A-99A1-AEFAF999356F}.Release|Any CPU.Build.0 = Release|Any CPU
	EndGlobalSection
	GlobalSection(SolutionProperties) = preSolution
		HideSolutionNode = FALSE
	EndGlobalSection
	GlobalSection(ExtensibilityGlobals) = postSolution
		SolutionGuid = {B2073C2C-0FD3-452B-8047-8134D68E12CE}
	EndGlobalSection
	GlobalSection(NestedProjects) = preSolution
		{1F07BEC9-BAEB-49A0-A7EA-C4478574F3CC} = {B8CDD141-0BA2-494C-AA97-A0A71F9D586C}
		{1F22FBBD-C46B-4EF2-A443-5015AF7E7447} = {B8CDD141-0BA2-494C-AA97-A0A71F9D586C}
		{A88AFE03-C77F-4122-B9D5-53F07CCD44F4} = {B8CDD141-0BA2-494C-AA97-A0A71F9D586C}
		{E2192ABA-652C-4718-BE73-288B1B23C2DA} = {B8CDD141-0BA2-494C-AA97-A0A71F9D586C}
		{AC62BFC8-FA91-4F83-8A7F-7054FA802FBC} = {B8CDD141-0BA2-494C-AA97-A0A71F9D586C}
		{745C1AE6-EA2A-469A-99A1-AEFAF999356F} = {B8CDD141-0BA2-494C-AA97-A0A71F9D586C}
	EndGlobalSection
EndGlobal
