
Microsoft Visual Studio Solution File, Format Version 12.00
Project("{FAE04EC0-301F-11D3-BF4B-00C04F79EFBC}") = "BB.Updater", "BB.Updater\BB.Updater.csproj", "{CE7E2D61-460E-4E08-8324-50B7667EF2AF}"
EndProject
Project("{FAE04EC0-301F-11D3-BF4B-00C04F79EFBC}") = "BB.BaseUI", "BB.BaseUI\BB.BaseUI.csproj", "{D4858375-FADB-40CC-A15B-EAA12831926E}"
EndProject
Project("{FAE04EC0-301F-11D3-BF4B-00C04F79EFBC}") = "BB.Starter", "BB.Starter\BB.Starter.csproj", "{6D93C3DB-E868-42D7-9361-8C1562E47324}"
EndProject
Project("{FAE04EC0-301F-11D3-BF4B-00C04F79EFBC}") = "BB.Tools", "BB.Tools\BB.Tools.csproj", "{14BE95C2-8FEB-4378-BE40-CC8B8863A413}"
EndProject
Project("{FAE04EC0-301F-11D3-BF4B-00C04F79EFBC}") = "BB.HttpServices", "BB.HttpServices\BB.HttpServices.csproj", "{E70FA7E4-E403-4ED9-9902-169D497B05DF}"
EndProject
Project("{FAE04EC0-301F-11D3-BF4B-00C04F79EFBC}") = "BB.Security", "BB.Security\BB.Security.csproj", "{574EEC7B-6D3D-437E-9117-FA08AEC6628C}"
EndProject
Project("{FAE04EC0-301F-11D3-BF4B-00C04F79EFBC}") = "BB.TMS", "BB.TMS\BB.TMS.csproj", "{EE5E80D8-DD4E-4DAD-8CC2-EE0889478C91}"
EndProject
Project("{FAE04EC0-301F-11D3-BF4B-00C04F79EFBC}") = "BB.Entity", "BB.Entity\BB.Entity.csproj", "{B38A18F1-6F3A-4B16-ADBA-F8E7A0237DAA}"
EndProject
Global
	GlobalSection(SolutionConfigurationPlatforms) = preSolution
		Debug|Any CPU = Debug|Any CPU
		Release|Any CPU = Release|Any CPU
	EndGlobalSection
	GlobalSection(ProjectConfigurationPlatforms) = postSolution
		{CE7E2D61-460E-4E08-8324-50B7667EF2AF}.Debug|Any CPU.ActiveCfg = Debug|Any CPU
		{CE7E2D61-460E-4E08-8324-50B7667EF2AF}.Debug|Any CPU.Build.0 = Debug|Any CPU
		{CE7E2D61-460E-4E08-8324-50B7667EF2AF}.Release|Any CPU.ActiveCfg = Release|Any CPU
		{CE7E2D61-460E-4E08-8324-50B7667EF2AF}.Release|Any CPU.Build.0 = Release|Any CPU
		{D4858375-FADB-40CC-A15B-EAA12831926E}.Debug|Any CPU.ActiveCfg = Debug|Any CPU
		{D4858375-FADB-40CC-A15B-EAA12831926E}.Debug|Any CPU.Build.0 = Debug|Any CPU
		{D4858375-FADB-40CC-A15B-EAA12831926E}.Release|Any CPU.ActiveCfg = Release|Any CPU
		{D4858375-FADB-40CC-A15B-EAA12831926E}.Release|Any CPU.Build.0 = Release|Any CPU
		{6D93C3DB-E868-42D7-9361-8C1562E47324}.Debug|Any CPU.ActiveCfg = Debug|Any CPU
		{6D93C3DB-E868-42D7-9361-8C1562E47324}.Debug|Any CPU.Build.0 = Debug|Any CPU
		{6D93C3DB-E868-42D7-9361-8C1562E47324}.Release|Any CPU.ActiveCfg = Release|Any CPU
		{6D93C3DB-E868-42D7-9361-8C1562E47324}.Release|Any CPU.Build.0 = Release|Any CPU
		{14BE95C2-8FEB-4378-BE40-CC8B8863A413}.Debug|Any CPU.ActiveCfg = Debug|Any CPU
		{14BE95C2-8FEB-4378-BE40-CC8B8863A413}.Debug|Any CPU.Build.0 = Debug|Any CPU
		{14BE95C2-8FEB-4378-BE40-CC8B8863A413}.Release|Any CPU.ActiveCfg = Release|Any CPU
		{14BE95C2-8FEB-4378-BE40-CC8B8863A413}.Release|Any CPU.Build.0 = Release|Any CPU
		{E70FA7E4-E403-4ED9-9902-169D497B05DF}.Debug|Any CPU.ActiveCfg = Debug|Any CPU
		{E70FA7E4-E403-4ED9-9902-169D497B05DF}.Debug|Any CPU.Build.0 = Debug|Any CPU
		{E70FA7E4-E403-4ED9-9902-169D497B05DF}.Release|Any CPU.ActiveCfg = Release|Any CPU
		{E70FA7E4-E403-4ED9-9902-169D497B05DF}.Release|Any CPU.Build.0 = Release|Any CPU
		{574EEC7B-6D3D-437E-9117-FA08AEC6628C}.Debug|Any CPU.ActiveCfg = Debug|Any CPU
		{574EEC7B-6D3D-437E-9117-FA08AEC6628C}.Debug|Any CPU.Build.0 = Debug|Any CPU
		{574EEC7B-6D3D-437E-9117-FA08AEC6628C}.Release|Any CPU.ActiveCfg = Release|Any CPU
		{574EEC7B-6D3D-437E-9117-FA08AEC6628C}.Release|Any CPU.Build.0 = Release|Any CPU
		{EE5E80D8-DD4E-4DAD-8CC2-EE0889478C91}.Debug|Any CPU.ActiveCfg = Debug|Any CPU
		{EE5E80D8-DD4E-4DAD-8CC2-EE0889478C91}.Debug|Any CPU.Build.0 = Debug|Any CPU
		{EE5E80D8-DD4E-4DAD-8CC2-EE0889478C91}.Release|Any CPU.ActiveCfg = Release|Any CPU
		{EE5E80D8-DD4E-4DAD-8CC2-EE0889478C91}.Release|Any CPU.Build.0 = Release|Any CPU
		{B38A18F1-6F3A-4B16-ADBA-F8E7A0237DAA}.Debug|Any CPU.ActiveCfg = Debug|Any CPU
		{B38A18F1-6F3A-4B16-ADBA-F8E7A0237DAA}.Debug|Any CPU.Build.0 = Debug|Any CPU
		{B38A18F1-6F3A-4B16-ADBA-F8E7A0237DAA}.Release|Any CPU.ActiveCfg = Release|Any CPU
		{B38A18F1-6F3A-4B16-ADBA-F8E7A0237DAA}.Release|Any CPU.Build.0 = Release|Any CPU
	EndGlobalSection
EndGlobal
